
Microsoft Visual Studio Solution File, Format Version 12.00
# Visual Studio Version 17
VisualStudioVersion = 17.9.34622.214
MinimumVisualStudioVersion = 10.0.40219.1
Project("{9A19103F-16F7-4668-BE54-9A1E7A4F7556}") = "Typewrite.Infrastructure", "Scripto.Infrastructure\Typewrite.Infrastructure.csproj", "{952A0BC1-1754-43B7-84D0-04906513CAEA}"
EndProject
Project("{9A19103F-16F7-4668-BE54-9A1E7A4F7556}") = "Typewrite.Domain", "Scripto.Domain\Typewrite.Domain.csproj", "{148D3743-BF53-4647-8248-6DE922ACA2A7}"
EndProject
Project("{FAE04EC0-301F-11D3-BF4B-00C04F79EFBC}") = "Typewrite.Application", "Typewrite.Application\Typewrite.Application.csproj", "{5F9F2C8E-B3DF-496D-9F21-F15FB120577B}"
EndProject
Global
	GlobalSection(SolutionConfigurationPlatforms) = preSolution
		Debug|Any CPU = Debug|Any CPU
		Release|Any CPU = Release|Any CPU
	EndGlobalSection
	GlobalSection(ProjectConfigurationPlatforms) = postSolution
		{952A0BC1-1754-43B7-84D0-04906513CAEA}.Debug|Any CPU.ActiveCfg = Debug|Any CPU
		{952A0BC1-1754-43B7-84D0-04906513CAEA}.Debug|Any CPU.Build.0 = Debug|Any CPU
		{952A0BC1-1754-43B7-84D0-04906513CAEA}.Release|Any CPU.ActiveCfg = Release|Any CPU
		{952A0BC1-1754-43B7-84D0-04906513CAEA}.Release|Any CPU.Build.0 = Release|Any CPU
		{148D3743-BF53-4647-8248-6DE922ACA2A7}.Debug|Any CPU.ActiveCfg = Debug|Any CPU
		{148D3743-BF53-4647-8248-6DE922ACA2A7}.Debug|Any CPU.Build.0 = Debug|Any CPU
		{148D3743-BF53-4647-8248-6DE922ACA2A7}.Release|Any CPU.ActiveCfg = Release|Any CPU
		{148D3743-BF53-4647-8248-6DE922ACA2A7}.Release|Any CPU.Build.0 = Release|Any CPU
		{5F9F2C8E-B3DF-496D-9F21-F15FB120577B}.Debug|Any CPU.ActiveCfg = Debug|Any CPU
		{5F9F2C8E-B3DF-496D-9F21-F15FB120577B}.Debug|Any CPU.Build.0 = Debug|Any CPU
		{5F9F2C8E-B3DF-496D-9F21-F15FB120577B}.Release|Any CPU.ActiveCfg = Release|Any CPU
		{5F9F2C8E-B3DF-496D-9F21-F15FB120577B}.Release|Any CPU.Build.0 = Release|Any CPU
	EndGlobalSection
	GlobalSection(SolutionProperties) = preSolution
		HideSolutionNode = FALSE
	EndGlobalSection
	GlobalSection(ExtensibilityGlobals) = postSolution
		SolutionGuid = {F58E8B8A-A7A8-4B9B-9F3D-BFC0CFF35A7B}
	EndGlobalSection
EndGlobal
